
Microsoft Visual Studio Solution File, Format Version 12.00
# Visual Studio 15
VisualStudioVersion = 15.0.27428.2015
MinimumVisualStudioVersion = 10.0.40219.1
Project("{FAE04EC0-301F-11D3-BF4B-00C04F79EFBC}") = "DailyVehicleInspectionStats", "DailyVehicleInspectionStats\DailyVehicleInspectionStats.csproj", "{0F502112-D4BF-435D-9F32-AFA9F9B52B24}"
EndProject
Global
	GlobalSection(SolutionConfigurationPlatforms) = preSolution
		Debug|Any CPU = Debug|Any CPU
		Release|Any CPU = Release|Any CPU
	EndGlobalSection
	GlobalSection(ProjectConfigurationPlatforms) = postSolution
		{0F502112-D4BF-435D-9F32-AFA9F9B52B24}.Debug|Any CPU.ActiveCfg = Debug|Any CPU
		{0F502112-D4BF-435D-9F32-AFA9F9B52B24}.Debug|Any CPU.Build.0 = Debug|Any CPU
		{0F502112-D4BF-435D-9F32-AFA9F9B52B24}.Release|Any CPU.ActiveCfg = Release|Any CPU
		{0F502112-D4BF-435D-9F32-AFA9F9B52B24}.Release|Any CPU.Build.0 = Release|Any CPU
	EndGlobalSection
	GlobalSection(SolutionProperties) = preSolution
		HideSolutionNode = FALSE
	EndGlobalSection
	GlobalSection(ExtensibilityGlobals) = postSolution
		SolutionGuid = {50CE36AB-5908-4556-9594-4F67A6435C3A}
	EndGlobalSection
EndGlobal
